
Microsoft Visual Studio Solution File, Format Version 12.00
# Visual Studio Version 16
VisualStudioVersion = 16.0.28803.202
MinimumVisualStudioVersion = 10.0.40219.1
Project("{FAE04EC0-301F-11D3-BF4B-00C04F79EFBC}") = "EmployeesASPX", "EmployeesASPX\EmployeesASPX.csproj", "{11D757B5-E9AF-4A03-AA6B-0DC3B84BE918}"
EndProject
Global
	GlobalSection(SolutionConfigurationPlatforms) = preSolution
		Debug|Any CPU = Debug|Any CPU
		Release|Any CPU = Release|Any CPU
	EndGlobalSection
	GlobalSection(ProjectConfigurationPlatforms) = postSolution
		{11D757B5-E9AF-4A03-AA6B-0DC3B84BE918}.Debug|Any CPU.ActiveCfg = Debug|Any CPU
		{11D757B5-E9AF-4A03-AA6B-0DC3B84BE918}.Debug|Any CPU.Build.0 = Debug|Any CPU
		{11D757B5-E9AF-4A03-AA6B-0DC3B84BE918}.Release|Any CPU.ActiveCfg = Release|Any CPU
		{11D757B5-E9AF-4A03-AA6B-0DC3B84BE918}.Release|Any CPU.Build.0 = Release|Any CPU
	EndGlobalSection
	GlobalSection(SolutionProperties) = preSolution
		HideSolutionNode = FALSE
	EndGlobalSection
	GlobalSection(ExtensibilityGlobals) = postSolution
		SolutionGuid = {35B1006C-4C16-49EE-A456-5564119B78AD}
	EndGlobalSection
EndGlobal
